DEPENDENCIES
  apt (~> 2.0)
  build-essential
    git: git://github.com/opscode-cookbooks/build-essential.git
    revision: 400968913bfa8a4a5c9783b383c3b63899f2fe72
  build_dcm_pyagent
    path: site-cookbooks/build_dcm_pyagent
  git
  omnibus

GRAPH
  7-zip (1.0.2)
    windows (>= 1.2.2)
  apt (2.4.0)
  build-essential (2.0.5)
  build_dcm_pyagent (0.0.1)
  chef-sugar (2.0.0)
  chef_handler (1.1.6)
  dmg (2.2.0)
  git (4.0.2)
    build-essential (>= 0.0.0)
    dmg (>= 0.0.0)
    runit (>= 1.0.0)
    windows (>= 0.0.0)
    yum (~> 3.0)
    yum-epel (>= 0.0.0)
  homebrew (1.9.0)
  omnibus (2.2.0)
    7-zip (~> 1.0)
    build-essential (~> 2.0)
    chef-sugar (~> 2.0)
    homebrew (~> 1.5)
    windows (~> 1.30)
    wix (~> 1.1)
  runit (1.5.10)
    build-essential (>= 0.0.0)
    yum (~> 3.0)
    yum-epel (>= 0.0.0)
  windows (1.33.1)
    chef_handler (>= 0.0.0)
  wix (1.1.0)
    windows (>= 1.2.2)
  yum (3.2.2)
  yum-epel (0.4.0)
    yum (~> 3.0)
